
Microsoft Visual Studio Solution File, Format Version 12.00
# Visual Studio 15
VisualStudioVersion = 15.0.26403.0
MinimumVisualStudioVersion = 10.0.40219.1
Project("{FAE04EC0-301F-11D3-BF4B-00C04F79EFBC}") = "SocialNetwork.Api", "SocialNetwork.Api\SocialNetwork.Api.csproj", "{19AD1992-8310-4AC9-91CD-ACB30B94AB1F}"
EndProject
Project("{FAE04EC0-301F-11D3-BF4B-00C04F79EFBC}") = "SocialNetwork.Web", "SocialNetwork.Web\SocialNetwork.Web.csproj", "{3BC09A70-887E-4353-9756-5CB12BA88A7D}"
EndProject
Project("{FAE04EC0-301F-11D3-BF4B-00C04F79EFBC}") = "SocialNetwork.Core", "SocialNetwork.Core\SocialNetwork.Core.csproj", "{A71D5A1C-B850-4B23-9752-0420905A3A09}"
EndProject
Project("{FAE04EC0-301F-11D3-BF4B-00C04F79EFBC}") = "SocialNetwork.Data", "SocialNetwork.Data\SocialNetwork.Data.csproj", "{C5C31061-A1E1-4752-8401-1622ED7AEB6A}"
EndProject
Global
	GlobalSection(SolutionConfigurationPlatforms) = preSolution
		Debug|Any CPU = Debug|Any CPU
		Release|Any CPU = Release|Any CPU
	EndGlobalSection
	GlobalSection(ProjectConfigurationPlatforms) = postSolution
		{19AD1992-8310-4AC9-91CD-ACB30B94AB1F}.Debug|Any CPU.ActiveCfg = Debug|Any CPU
		{19AD1992-8310-4AC9-91CD-ACB30B94AB1F}.Debug|Any CPU.Build.0 = Debug|Any CPU
		{19AD1992-8310-4AC9-91CD-ACB30B94AB1F}.Release|Any CPU.ActiveCfg = Release|Any CPU
		{19AD1992-8310-4AC9-91CD-ACB30B94AB1F}.Release|Any CPU.Build.0 = Release|Any CPU
		{3BC09A70-887E-4353-9756-5CB12BA88A7D}.Debug|Any CPU.ActiveCfg = Debug|Any CPU
		{3BC09A70-887E-4353-9756-5CB12BA88A7D}.Debug|Any CPU.Build.0 = Debug|Any CPU
		{3BC09A70-887E-4353-9756-5CB12BA88A7D}.Release|Any CPU.ActiveCfg = Release|Any CPU
		{3BC09A70-887E-4353-9756-5CB12BA88A7D}.Release|Any CPU.Build.0 = Release|Any CPU
		{A71D5A1C-B850-4B23-9752-0420905A3A09}.Debug|Any CPU.ActiveCfg = Debug|Any CPU
		{A71D5A1C-B850-4B23-9752-0420905A3A09}.Debug|Any CPU.Build.0 = Debug|Any CPU
		{A71D5A1C-B850-4B23-9752-0420905A3A09}.Release|Any CPU.ActiveCfg = Release|Any CPU
		{A71D5A1C-B850-4B23-9752-0420905A3A09}.Release|Any CPU.Build.0 = Release|Any CPU
		{C5C31061-A1E1-4752-8401-1622ED7AEB6A}.Debug|Any CPU.ActiveCfg = Debug|Any CPU
		{C5C31061-A1E1-4752-8401-1622ED7AEB6A}.Debug|Any CPU.Build.0 = Debug|Any CPU
		{C5C31061-A1E1-4752-8401-1622ED7AEB6A}.Release|Any CPU.ActiveCfg = Release|Any CPU
		{C5C31061-A1E1-4752-8401-1622ED7AEB6A}.Release|Any CPU.Build.0 = Release|Any CPU
	EndGlobalSection
	GlobalSection(SolutionProperties) = preSolution
		HideSolutionNode = FALSE
	EndGlobalSection
EndGlobal
